// !$*UTF8*$!
{
	archiveVersion = 1;
	classes = {
	};
	objectVersion = 46;
	objects = {

/* Begin PBXBuildFile section */
		A47FD68F1DE29B3D00CD55C4 /* AppDelegate.swift in Sources */ = {isa = PBXBuildFile; fileRef = A47FD68E1DE29B3D00CD55C4 /* AppDelegate.swift */; };
		A47FD6911DE29B3D00CD55C4 /* ViewController.swift in Sources */ = {isa = PBXBuildFile; fileRef = A47FD6901DE29B3D00CD55C4 /* ViewController.swift */; };
		A47FD6941DE29B3D00CD55C4 /* Main.storyboard in Resources */ = {isa = PBXBuildFile; fileRef = A47FD6921DE29B3D00CD55C4 /* Main.storyboard */; };
		A47FD6961DE29B3D00CD55C4 /* Assets.xcassets in Resources */ = {isa = PBXBuildFile; fileRef = A47FD6951DE29B3D00CD55C4 /* Assets.xcassets */; };
		A47FD6991DE29B3D00CD55C4 /* LaunchScreen.storyboard in Resources */ = {isa = PBXBuildFile; fileRef = A47FD6971DE29B3D00CD55C4 /* LaunchScreen.storyboard */; };
/* End PBXBuildFile section */

/* Begin PBXFileReference section */
		A47FD68B1DE29B3D00CD55C4 /* Swift_Toolbar.app */ = {isa = PBXFileReference; explicitFileType = wrapper.application; includeInIndex = 0; path = Swift_Toolbar.app; sourceTree = BUILT_PRODUCTS_DIR; };
		A47FD68E1DE29B3D00CD55C4 /* AppDelegate.swift */ = {isa = PBXFileReference; lastKnownFileType = sourcecode.swift; path = AppDelegate.swift; sourceTree = "<group>"; };
		A47FD6901DE29B3D00CD55C4 /* ViewController.swift */ = {isa = PBXFileReference; lastKnownFileType = sourcecode.swift; path = ViewController.swift; sourceTree = "<group>"; };
		A47FD6931DE29B3D00CD55C4 /* Base */ = {isa = PBXFileReference; lastKnownFileType = file.storyboard; name = Base; path = Base.lproj/Main.storyboard; sourceTree = "<group>"; };
		A47FD6951DE29B3D00CD55C4 /* Assets.xcassets */ = {isa = PBXFileReference; lastKnownFileType = folder.assetcatalog; path = Assets.xcassets; sourceTree = "<group>"; };
		A47FD6981DE29B3D00CD55C4 /* Base */ = {isa = PBXFileReference; lastKnownFileType = file.storyboard; name = Base; path = Base.lproj/LaunchScreen.storyboard; sourceTree = "<group>"; };
		A47FD69A1DE29B3D00CD55C4 /* Info.plist */ = {isa = PBXFileReference; lastKnownFileType = text.plist.xml; path = Info.plist; sourceTree = "<group>"; };
/* End PBXFileReference section */

/* Begin PBXFrameworksBuildPhase section */
		A47FD6881DE29B3D00CD55C4 /* Frameworks */ = {
			isa = PBXFrameworksBuildPhase;
			buildActionMask = 2147483647;
			files = (
			);
			runOnlyForDeploymentPostprocessing = 0;
		};
/* End PBXFrameworksBuildPhase section */

/* Begin PBXGroup section */
		A47FD6821DE29B3D00CD55C4 = {
			isa = PBXGroup;
			children = (
				A47FD68D1DE29B3D00CD55C4 /* Swift_Toolbar */,
				A47FD68C1DE29B3D00CD55C4 /* Products */,
			);
			sourceTree = "<group>";
		};
		A47FD68C1DE29B3D00CD55C4 /* Products */ = {
			isa = PBXGroup;
			children = (
				A47FD68B1DE29B3D00CD55C4 /* Swift_Toolbar.app */,
			);
			name = Products;
			sourceTree = "<group>";
		};
		A47FD68D1DE29B3D00CD55C4 /* Swift_Toolbar */ = {
			isa = PBXGroup;
			children = (
				A47FD68E1DE29B3D00CD55C4 /* AppDelegate.swift */,
				A47FD6901DE29B3D00CD55C4 /* ViewController.swift */,
				A47FD6921DE29B3D00CD55C4 /* Main.storyboard */,
				A47FD6951DE29B3D00CD55C4 /* Assets.xcassets */,
				A47FD6971DE29B3D00CD55C4 /* LaunchScreen.storyboard */,
				A47FD69A1DE29B3D00CD55C4 /* Info.plist */,
			);
			path = Swift_Toolbar;
			sourceTree = "<group>";
		};
/* End PBXGroup section */

/* Begin PBXNativeTarget section */
		A47FD68A1DE29B3D00CD55C4 /* Swift_Toolbar */ = {
			isa = PBXNativeTarget;
			buildConfigurationList = A47FD69D1DE29B3D00CD55C4 /* Build configuration list for PBXNativeTarget "Swift_Toolbar" */;
			buildPhases = (
				A47FD6871DE29B3D00CD55C4 /* Sources */,
				A47FD6881DE29B3D00CD55C4 /* Frameworks */,
				A47FD6891DE29B3D00CD55C4 /* Resources */,
			);
			buildRules = (
			);
			dependencies = (
			);
			name = Swift_Toolbar;
			productName = Swift_Toolbar;
			productReference = A47FD68B1DE29B3D00CD55C4 /* Swift_Toolbar.app */;
			productType = "com.apple.product-type.application";
		};
/* End PBXNativeTarget section */

/* Begin PBXProject section */
		A47FD6831DE29B3D00CD55C4 /* Project object */ = {
			isa = PBXProject;
			attributes = {
				LastSwiftUpdateCheck = 0810;
				LastUpgradeCheck = 0810;
				ORGANIZATIONNAME = IanFan;
				TargetAttributes = {
					A47FD68A1DE29B3D00CD55C4 = {
						CreatedOnToolsVersion = 8.1;
						DevelopmentTeam = RU7ZJ2M8SJ;
						ProvisioningStyle = Automatic;
					};
				};
			};
			buildConfigurationList = A47FD6861DE29B3D00CD55C4 /* Build configuration list for PBXProject "Swift_Toolbar" */;
			compatibilityVersion = "Xcode 3.2";
			developmentRegion = English;
			hasScannedForEncodings = 0;
			knownRegions = (
				en,
				Base,
			);
			mainGroup = A47FD6821DE29B3D00CD55C4;
			productRefGroup = A47FD68C1DE29B3D00CD55C4 /* Products */;
			projectDirPath = "";
			projectRoot = "";
			targets = (
				A47FD68A1DE29B3D00CD55C4 /* Swift_Toolbar */,
			);
		};
/* End PBXProject section */

/* Begin PBXResourcesBuildPhase section */
		A47FD6891DE29B3D00CD55C4 /* Resources */ = {
			isa = PBXResourcesBuildPhase;
			buildActionMask = 2147483647;
			files = (
				A47FD6991DE29B3D00CD55C4 /* LaunchScreen.storyboard in Resources */,
				A47FD6961DE29B3D00CD55C4 /* Assets.xcassets in Resources */,
				A47FD6941DE29B3D00CD55C4 /* Main.storyboard in Resources */,
			);
			runOnlyForDeploymentPostprocessing = 0;
		};
/* End PBXResourcesBuildPhase section */

/* Begin PBXSourcesBuildPhase section */
		A47FD6871DE29B3D00CD55C4 /* Sources */ = {
			isa = PBXSourcesBuildPhase;
			buildActionMask = 2147483647;
			files = (
				A47FD6911DE29B3D00CD55C4 /* ViewController.swift in Sources */,
				A47FD68F1DE29B3D00CD55C4 /* AppDelegate.swift in Sources */,
			);
			runOnlyForDeploymentPostprocessing = 0;
		};
/* End PBXSourcesBuildPhase section */

/* Begin PBXVariantGroup section */
		A47FD6921DE29B3D00CD55C4 /* Main.storyboard */ = {
			isa = PBXVariantGroup;
			children = (
				A47FD6931DE29B3D00CD55C4 /* Base */,
			);
			name = Main.storyboard;
			sourceTree = "<group>";
		};
		A47FD6971DE29B3D00CD55C4 /* LaunchScreen.storyboard */ = {
			isa = PBXVariantGroup;
			children = (
				A47FD6981DE29B3D00CD55C4 /* Base */,
			);
			name = LaunchScreen.storyboard;
			sourceTree = "<group>";
		};
/* End PBXVariantGroup section */

/* Begin XCBuildConfiguration section */
		A47FD69B1DE29B3D00CD55C4 /* Debug */ = {
			isa = XCBuildConfiguration;
			buildSettings = {
				ALWAYS_SEARCH_USER_PATHS = NO;
				CLANG_ANALYZER_NONNULL = YES;
				CLANG_CXX_LANGUAGE_STANDARD = "gnu++0x";
				CLANG_CXX_LIBRARY = "libc++";
				CLANG_ENABLE_MODULES = YES;
				CLANG_ENABLE_OBJC_ARC = YES;
				CLANG_WARN_BOOL_CONVERSION = YES;
				CLANG_WARN_CONSTANT_CONVERSION = YES;
				CLANG_WARN_DIRECT_OBJC_ISA_USAGE = YES_ERROR;
				CLANG_WARN_DOCUMENTATION_COMMENTS = YES;
				CLANG_WARN_EMPTY_BODY = YES;
				CLANG_WARN_ENUM_CONVERSION = YES;
				CLANG_WARN_INFINITE_RECURSION = YES;
				CLANG_WARN_INT_CONVERSION = YES;
				CLANG_WARN_OBJC_ROOT_CLASS = YES_ERROR;
				CLANG_WARN_SUSPICIOUS_MOVES = YES;
				CLANG_WARN_UNREACHABLE_CODE = YES;
				CLANG_WARN__DUPLICATE_METHOD_MATCH = YES;
				"CODE_SIGN_IDENTITY[sdk=iphoneos*]" = "iPhone Developer";
				COPY_PHASE_STRIP = NO;
				DEBUG_INFORMATION_FORMAT = dwarf;
				ENABLE_STRICT_OBJC_MSGSEND = YES;
				ENABLE_TESTABILITY = YES;
				GCC_C_LANGUAGE_STANDARD = gnu99;
				GCC_DYNAMIC_NO_PIC = NO;
				GCC_NO_COMMON_BLOCKS = YES;
				GCC_OPTIMIZATION_LEVEL = 0;
				GCC_PREPROCESSOR_DEFINITIONS = (
					"DEBUG=1",
					"$(inherited)",
				);
				GCC_WARN_64_TO_32_BIT_CONVERSION = YES;
				GCC_WARN_ABOUT_RETURN_TYPE = YES_ERROR;
				GCC_WARN_UNDECLARED_SELECTOR = YES;
				GCC_WARN_UNINITIALIZED_AUTOS = YES_AGGRESSIVE;
				GCC_WARN_UNUSED_FUNCTION = YES;
				GCC_WARN_UNUSED_VARIABLE = YES;
				IPHONEOS_DEPLOYMENT_TARGET = 10.1;
				MTL_ENABLE_DEBUG_INFO = YES;
				ONLY_ACTIVE_ARCH = YES;
				SDKROOT = iphoneos;
				SWIFT_ACTIVE_COMPILATION_CONDITIONS = DEBUG;
				SWIFT_OPTIMIZATION_LEVEL = "-Onone";
				TARGETED_DEVICE_FAMILY = "1,2";
			};
			name = Debug;
		};
		A47FD69C1DE29B3D00CD55C4 /* Release */ = {
			isa = XCBuildConfiguration;
			buildSettings = {
				ALWAYS_SEARCH_USER_PATHS = NO;
				CLANG_ANALYZER_NONNULL = YES;
				CLANG_CXX_LANGUAGE_STANDARD = "gnu++0x";
				CLANG_CXX_LIBRARY = "libc++";
				CLANG_ENABLE_MODULES = YES;
				CLANG_ENABLE_OBJC_ARC = YES;
				CLANG_WARN_BOOL_CONVERSION = YES;
				CLANG_WARN_CONSTANT_CONVERSION = YES;
				CLANG_WARN_DIRECT_OBJC_ISA_USAGE = YES_ERROR;
				CLANG_WARN_DOCUMENTATION_COMMENTS = YES;
				CLANG_WARN_EMPTY_BODY = YES;
				CLANG_WARN_ENUM_CONVERSION = YES;
				CLANG_WARN_INFINITE_RECURSION = YES;
				CLANG_WARN_INT_CONVERSION = YES;
				CLANG_WARN_OBJC_ROOT_CLASS = YES_ERROR;
				CLANG_WARN_SUSPICIOUS_MOVES = YES;
				CLANG_WARN_UNREACHABLE_CODE = YES;
				CLANG_WARN__DUPLICATE_METHOD_MATCH = YES;
				"CODE_SIGN_IDENTITY[sdk=iphoneos*]" = "iPhone Developer";
				COPY_PHASE_STRIP = NO;
				DEBUG_INFORMATION_FORMAT = "dwarf-with-dsym";
				ENABLE_NS_ASSERTIONS = NO;
				ENABLE_STRICT_OBJC_MSGSEND = YES;
				GCC_C_LANGUAGE_STANDARD = gnu99;
				GCC_NO_COMMON_BLOCKS = YES;
				GCC_WARN_64_TO_32_BIT_CONVERSION = YES;
				GCC_WARN_ABOUT_RETURN_TYPE = YES_ERROR;
				GCC_WARN_UNDECLARED_SELECTOR = YES;
				GCC_WARN_UNINITIALIZED_AUTOS = YES_AGGRESSIVE;
				GCC_WARN_UNUSED_FUNCTION = YES;
				GCC_WARN_UNUSED_VARIABLE = YES;
				IPHONEOS_DEPLOYMENT_TARGET = 10.1;
				MTL_ENABLE_DEBUG_INFO = NO;
				SDKROOT = iphoneos;
				SWIFT_OPTIMIZATION_LEVEL = "-Owholemodule";
				TARGETED_DEVICE_FAMILY = "1,2";
				VALIDATE_PRODUCT = YES;
			};
			name = Release;
		};
		A47FD69E1DE29B3D00CD55C4 /* Debug */ = {
			isa = XCBuildConfiguration;
			buildSettings = {
				ASSETCATALOG_COMPILER_APPICON_NAME = AppIcon;
				DEVELOPMENT_TEAM = RU7ZJ2M8SJ;
				INFOPLIST_FILE = Swift_Toolbar/Info.plist;
				LD_RUNPATH_SEARCH_PATHS = "$(inherited) @executable_path/Frameworks";
				PRODUCT_BUNDLE_IDENTIFIER = "ianfan.Swift-Toolbar";
				PRODUCT_NAME = "$(TARGET_NAME)";
				SWIFT_VERSION = 3.0;
			};
			name = Debug;
		};
		A47FD69F1DE29B3D00CD55C4 /* Release */ = {
			isa = XCBuildConfiguration;
			buildSettings = {
				ASSETCATALOG_COMPILER_APPICON_NAME = AppIcon;
				DEVELOPMENT_TEAM = RU7ZJ2M8SJ;
				INFOPLIST_FILE = Swift_Toolbar/Info.plist;
				LD_RUNPATH_SEARCH_PATHS = "$(inherited) @executable_path/Frameworks";
				PRODUCT_BUNDLE_IDENTIFIER = "ianfan.Swift-Toolbar";
				PRODUCT_NAME = "$(TARGET_NAME)";
				SWIFT_VERSION = 3.0;
			};
			name = Release;
		};
/* End XCBuildConfiguration section */

/* Begin XCConfigurationList section */
		A47FD6861DE29B3D00CD55C4 /* Build configuration list for PBXProject "Swift_Toolbar" */ = {
			isa = XCConfigurationList;
			buildConfigurations = (
				A47FD69B1DE29B3D00CD55C4 /* Debug */,
				A47FD69C1DE29B3D00CD55C4 /* Release */,
			);
			defaultConfigurationIsVisible = 0;
			defaultConfigurationName = Release;
		};
		A47FD69D1DE29B3D00CD55C4 /* Build configuration list for PBXNativeTarget "Swift_Toolbar" */ = {
			isa = XCConfigurationList;
			buildConfigurations = (
				A47FD69E1DE29B3D00CD55C4 /* Debug */,
				A47FD69F1DE29B3D00CD55C4 /* Release */,
			);
			defaultConfigurationIsVisible = 0;
		};
/* End XCConfigurationList section */
	};
	rootObject = A47FD6831DE29B3D00CD55C4 /* Project object */;
}
